<?xml version="1.0" encoding="UTF-8"?>
<Scheme
   version = "1.3">
   <BuildAction>
      <BuildActionEntries>
         <BuildActionEntry
            buildForRunning = "YES">
            <BuildableReference
               BuildableIdentifier = "primary"
               BlueprintIdentifier = "1C806C8820DB449300459463"
               BuildableName = "YouTubeDataSample.app"
               BlueprintName = "YouTubeDataSample"
               ReferencedContainer = "container:YouTubeDataSample.xcodeproj">
            </BuildableReference>
         </BuildActionEntry>
      </BuildActionEntries>
   </BuildAction>
   <LaunchAction
      useCustomWorkingDirectory = "NO"
      buildConfiguration = "Debug"
      allowLocationSimulation = "YES">
      <BuildableProductRunnable>
         <BuildableReference
            BuildableIdentifier = "primary"
            BlueprintIdentifier = "1C806C8820DB449300459463"
            BuildableName = "YouTubeDataSample.app"
            BlueprintName = "YouTubeDataSample"
            ReferencedContainer = "container:YouTubeDataSample.xcodeproj">
         </BuildableReference>
      </BuildableProductRunnable>
   </LaunchAction>
</Scheme>
