// !$*UTF8*$!
{
	archiveVersion = 1;
	classes = {
	};
	objectVersion = 50;
	objects = {

/* Begin PBXBuildFile section */
		1C806C8D20DB449300459463 /* AppDelegate.swift in Sources */ = {isa = PBXBuildFile; fileRef = 1C806C8C20DB449300459463 /* AppDelegate.swift */; };
		1C806C8F20DB449300459463 /* ViewController.swift in Sources */ = {isa = PBXBuildFile; fileRef = 1C806C8E20DB449300459463 /* ViewController.swift */; };
		1C806C9220DB449300459463 /* Main.storyboard in Resources */ = {isa = PBXBuildFile; fileRef = 1C806C9020DB449300459463 /* Main.storyboard */; };
		1C806C9420DB449400459463 /* Assets.xcassets in Resources */ = {isa = PBXBuildFile; fileRef = 1C806C9320DB449400459463 /* Assets.xcassets */; };
		1C806C9720DB449400459463 /* LaunchScreen.storyboard in Resources */ = {isa = PBXBuildFile; fileRef = 1C806C9520DB449400459463 /* LaunchScreen.storyboard */; };
		1C806C9F20DB493F00459463 /* ChannelDetailViewController.swift in Sources */ = {isa = PBXBuildFile; fileRef = 1C806C9E20DB493F00459463 /* ChannelDetailViewController.swift */; };
		89F7E08266EBE19F59E1F575 /* Pods_YouTubeDataSample.framework in Frameworks */ = {isa = PBXBuildFile; fileRef = 4B41B19E3E24B86FD81FC403 /* Pods_YouTubeDataSample.framework */; };
/* End PBXBuildFile section */

/* Begin PBXFileReference section */
		1C806C8920DB449300459463 /* YouTubeDataSample.app */ = {isa = PBXFileReference; explicitFileType = wrapper.application; includeInIndex = 0; path = YouTubeDataSample.app; sourceTree = BUILT_PRODUCTS_DIR; };
		1C806C8C20DB449300459463 /* AppDelegate.swift */ = {isa = PBXFileReference; lastKnownFileType = sourcecode.swift; path = AppDelegate.swift; sourceTree = "<group>"; };
		1C806C8E20DB449300459463 /* ViewController.swift */ = {isa = PBXFileReference; lastKnownFileType = sourcecode.swift; path = ViewController.swift; sourceTree = "<group>"; };
		1C806C9120DB449300459463 /* Base */ = {isa = PBXFileReference; lastKnownFileType = file.storyboard; name = Base; path = Base.lproj/Main.storyboard; sourceTree = "<group>"; };
		1C806C9320DB449400459463 /* Assets.xcassets */ = {isa = PBXFileReference; lastKnownFileType = folder.assetcatalog; path = Assets.xcassets; sourceTree = "<group>"; };
		1C806C9620DB449400459463 /* Base */ = {isa = PBXFileReference; lastKnownFileType = file.storyboard; name = Base; path = Base.lproj/LaunchScreen.storyboard; sourceTree = "<group>"; };
		1C806C9820DB449400459463 /* Info.plist */ = {isa = PBXFileReference; lastKnownFileType = text.plist.xml; path = Info.plist; sourceTree = "<group>"; };
		1C806C9E20DB493F00459463 /* ChannelDetailViewController.swift */ = {isa = PBXFileReference; lastKnownFileType = sourcecode.swift; path = ChannelDetailViewController.swift; sourceTree = "<group>"; };
		4B41B19E3E24B86FD81FC403 /* Pods_YouTubeDataSample.framework */ = {isa = PBXFileReference; explicitFileType = wrapper.framework; includeInIndex = 0; path = Pods_YouTubeDataSample.framework; sourceTree = BUILT_PRODUCTS_DIR; };
		7A1348091553BD3900CE6799 /* Pods-YouTubeDataSample.debug.xcconfig */ = {isa = PBXFileReference; includeInIndex = 1; lastKnownFileType = text.xcconfig; name = "Pods-YouTubeDataSample.debug.xcconfig"; path = "Pods/Target Support Files/Pods-YouTubeDataSample/Pods-YouTubeDataSample.debug.xcconfig"; sourceTree = "<group>"; };
		FA566D2DCF7CC5C271EF70CD /* Pods-YouTubeDataSample.release.xcconfig */ = {isa = PBXFileReference; includeInIndex = 1; lastKnownFileType = text.xcconfig; name = "Pods-YouTubeDataSample.release.xcconfig"; path = "Pods/Target Support Files/Pods-YouTubeDataSample/Pods-YouTubeDataSample.release.xcconfig"; sourceTree = "<group>"; };
/* End PBXFileReference section */

/* Begin PBXFrameworksBuildPhase section */
		1C806C8620DB449300459463 /* Frameworks */ = {
			isa = PBXFrameworksBuildPhase;
			buildActionMask = 2147483647;
			files = (
				89F7E08266EBE19F59E1F575 /* Pods_YouTubeDataSample.framework in Frameworks */,
			);
			runOnlyForDeploymentPostprocessing = 0;
		};
/* End PBXFrameworksBuildPhase section */

/* Begin PBXGroup section */
		1C806C8020DB449300459463 = {
			isa = PBXGroup;
			children = (
				1C806C8B20DB449300459463 /* YouTubeDataSample */,
				1C806C8A20DB449300459463 /* Products */,
				9B7B88E482D11540F3CCF508 /* Pods */,
				FC8F33C45DB6E0F14AEA93C8 /* Frameworks */,
			);
			sourceTree = "<group>";
		};
		1C806C8A20DB449300459463 /* Products */ = {
			isa = PBXGroup;
			children = (
				1C806C8920DB449300459463 /* YouTubeDataSample.app */,
			);
			name = Products;
			sourceTree = "<group>";
		};
		1C806C8B20DB449300459463 /* YouTubeDataSample */ = {
			isa = PBXGroup;
			children = (
				1C806C8C20DB449300459463 /* AppDelegate.swift */,
				1C806C8E20DB449300459463 /* ViewController.swift */,
				1C806C9020DB449300459463 /* Main.storyboard */,
				1C806C9320DB449400459463 /* Assets.xcassets */,
				1C806C9520DB449400459463 /* LaunchScreen.storyboard */,
				1C806C9820DB449400459463 /* Info.plist */,
				1C806C9E20DB493F00459463 /* ChannelDetailViewController.swift */,
			);
			path = YouTubeDataSample;
			sourceTree = "<group>";
		};
		9B7B88E482D11540F3CCF508 /* Pods */ = {
			isa = PBXGroup;
			children = (
				7A1348091553BD3900CE6799 /* Pods-YouTubeDataSample.debug.xcconfig */,
				FA566D2DCF7CC5C271EF70CD /* Pods-YouTubeDataSample.release.xcconfig */,
			);
			name = Pods;
			sourceTree = "<group>";
		};
		FC8F33C45DB6E0F14AEA93C8 /* Frameworks */ = {
			isa = PBXGroup;
			children = (
				4B41B19E3E24B86FD81FC403 /* Pods_YouTubeDataSample.framework */,
			);
			name = Frameworks;
			sourceTree = "<group>";
		};
/* End PBXGroup section */

/* Begin PBXNativeTarget section */
		1C806C8820DB449300459463 /* YouTubeDataSample */ = {
			isa = PBXNativeTarget;
			buildConfigurationList = 1C806C9B20DB449500459463 /* Build configuration list for PBXNativeTarget "YouTubeDataSample" */;
			buildPhases = (
				5EB30D15028DBAB451EDC478 /* [CP] Check Pods Manifest.lock */,
				1C806C8520DB449300459463 /* Sources */,
				1C806C8620DB449300459463 /* Frameworks */,
				1C806C8720DB449300459463 /* Resources */,
				FA045BB84486EDD0FB239859 /* [CP] Embed Pods Frameworks */,
			);
			buildRules = (
			);
			dependencies = (
			);
			name = YouTubeDataSample;
			productName = YouTubeDataSample;
			productReference = 1C806C8920DB449300459463 /* YouTubeDataSample.app */;
			productType = "com.apple.product-type.application";
		};
/* End PBXNativeTarget section */

/* Begin PBXProject section */
		1C806C8120DB449300459463 /* Project object */ = {
			isa = PBXProject;
			attributes = {
				LastSwiftUpdateCheck = 0940;
				LastUpgradeCheck = 0940;
				ORGANIZATIONNAME = "Teruhiro Matsukawa";
				TargetAttributes = {
					1C806C8820DB449300459463 = {
						CreatedOnToolsVersion = 9.4.1;
					};
				};
			};
			buildConfigurationList = 1C806C8420DB449300459463 /* Build configuration list for PBXProject "YouTubeDataSample" */;
			compatibilityVersion = "Xcode 9.3";
			developmentRegion = en;
			hasScannedForEncodings = 0;
			knownRegions = (
				en,
				Base,
			);
			mainGroup = 1C806C8020DB449300459463;
			productRefGroup = 1C806C8A20DB449300459463 /* Products */;
			projectDirPath = "";
			projectRoot = "";
			targets = (
				1C806C8820DB449300459463 /* YouTubeDataSample */,
			);
		};
/* End PBXProject section */

/* Begin PBXResourcesBuildPhase section */
		1C806C8720DB449300459463 /* Resources */ = {
			isa = PBXResourcesBuildPhase;
			buildActionMask = 2147483647;
			files = (
				1C806C9720DB449400459463 /* LaunchScreen.storyboard in Resources */,
				1C806C9420DB449400459463 /* Assets.xcassets in Resources */,
				1C806C9220DB449300459463 /* Main.storyboard in Resources */,
			);
			runOnlyForDeploymentPostprocessing = 0;
		};
/* End PBXResourcesBuildPhase section */

/* Begin PBXShellScriptBuildPhase section */
		5EB30D15028DBAB451EDC478 /* [CP] Check Pods Manifest.lock */ = {
			isa = PBXShellScriptBuildPhase;
			buildActionMask = 2147483647;
			files = (
			);
			inputPaths = (
				"${PODS_PODFILE_DIR_PATH}/Podfile.lock",
				"${PODS_ROOT}/Manifest.lock",
			);
			name = "[CP] Check Pods Manifest.lock";
			outputPaths = (
				"$(DERIVED_FILE_DIR)/Pods-YouTubeDataSample-checkManifestLockResult.txt",
			);
			runOnlyForDeploymentPostprocessing = 0;
			shellPath = /bin/sh;
			shellScript = "diff \"${PODS_PODFILE_DIR_PATH}/Podfile.lock\" \"${PODS_ROOT}/Manifest.lock\" > /dev/null\nif [ $? != 0 ] ; then\n    # print error to STDERR\n    echo \"error: The sandbox is not in sync with the Podfile.lock. Run 'pod install' or update your CocoaPods installation.\" >&2\n    exit 1\nfi\n# This output is used by Xcode 'outputs' to avoid re-running this script phase.\necho \"SUCCESS\" > \"${SCRIPT_OUTPUT_FILE_0}\"\n";
			showEnvVarsInLog = 0;
		};
		FA045BB84486EDD0FB239859 /* [CP] Embed Pods Frameworks */ = {
			isa = PBXShellScriptBuildPhase;
			buildActionMask = 2147483647;
			files = (
			);
			inputPaths = (
				"${SRCROOT}/Pods/Target Support Files/Pods-YouTubeDataSample/Pods-YouTubeDataSample-frameworks.sh",
				"${BUILT_PRODUCTS_DIR}/Alamofire/Alamofire.framework",
			);
			name = "[CP] Embed Pods Frameworks";
			outputPaths = (
				"${TARGET_BUILD_DIR}/${FRAMEWORKS_FOLDER_PATH}/Alamofire.framework",
			);
			runOnlyForDeploymentPostprocessing = 0;
			shellPath = /bin/sh;
			shellScript = "\"${SRCROOT}/Pods/Target Support Files/Pods-YouTubeDataSample/Pods-YouTubeDataSample-frameworks.sh\"\n";
			showEnvVarsInLog = 0;
		};
/* End PBXShellScriptBuildPhase section */

/* Begin PBXSourcesBuildPhase section */
		1C806C8520DB449300459463 /* Sources */ = {
			isa = PBXSourcesBuildPhase;
			buildActionMask = 2147483647;
			files = (
				1C806C8F20DB449300459463 /* ViewController.swift in Sources */,
				1C806C8D20DB449300459463 /* AppDelegate.swift in Sources */,
				1C806C9F20DB493F00459463 /* ChannelDetailViewController.swift in Sources */,
			);
			runOnlyForDeploymentPostprocessing = 0;
		};
/* End PBXSourcesBuildPhase section */

/* Begin PBXVariantGroup section */
		1C806C9020DB449300459463 /* Main.storyboard */ = {
			isa = PBXVariantGroup;
			children = (
				1C806C9120DB449300459463 /* Base */,
			);
			name = Main.storyboard;
			sourceTree = "<group>";
		};
		1C806C9520DB449400459463 /* LaunchScreen.storyboard */ = {
			isa = PBXVariantGroup;
			children = (
				1C806C9620DB449400459463 /* Base */,
			);
			name = LaunchScreen.storyboard;
			sourceTree = "<group>";
		};
/* End PBXVariantGroup section */

/* Begin XCBuildConfiguration section */
		1C806C9920DB449400459463 /* Debug */ = {
			isa = XCBuildConfiguration;
			buildSettings = {
				ALWAYS_SEARCH_USER_PATHS = NO;
				CLANG_ANALYZER_NONNULL = YES;
				CLANG_ANALYZER_NUMBER_OBJECT_CONVERSION = YES_AGGRESSIVE;
				CLANG_CXX_LANGUAGE_STANDARD = "gnu++14";
				CLANG_CXX_LIBRARY = "libc++";
				CLANG_ENABLE_MODULES = YES;
				CLANG_ENABLE_OBJC_ARC = YES;
				CLANG_ENABLE_OBJC_WEAK = YES;
				CLANG_WARN_BLOCK_CAPTURE_AUTORELEASING = YES;
				CLANG_WARN_BOOL_CONVERSION = YES;
				CLANG_WARN_COMMA = YES;
				CLANG_WARN_CONSTANT_CONVERSION = YES;
				CLANG_WARN_DEPRECATED_OBJC_IMPLEMENTATIONS = YES;
				CLANG_WARN_DIRECT_OBJC_ISA_USAGE = YES_ERROR;
				CLANG_WARN_DOCUMENTATION_COMMENTS = YES;
				CLANG_WARN_EMPTY_BODY = YES;
				CLANG_WARN_ENUM_CONVERSION = YES;
				CLANG_WARN_INFINITE_RECURSION = YES;
				CLANG_WARN_INT_CONVERSION = YES;
				CLANG_WARN_NON_LITERAL_NULL_CONVERSION = YES;
				CLANG_WARN_OBJC_IMPLICIT_RETAIN_SELF = YES;
				CLANG_WARN_OBJC_LITERAL_CONVERSION = YES;
				CLANG_WARN_OBJC_ROOT_CLASS = YES_ERROR;
				CLANG_WARN_RANGE_LOOP_ANALYSIS = YES;
				CLANG_WARN_STRICT_PROTOTYPES = YES;
				CLANG_WARN_SUSPICIOUS_MOVE = YES;
				CLANG_WARN_UNGUARDED_AVAILABILITY = YES_AGGRESSIVE;
				CLANG_WARN_UNREACHABLE_CODE = YES;
				CLANG_WARN__DUPLICATE_METHOD_MATCH = YES;
				CODE_SIGN_IDENTITY = "iPhone Developer";
				COPY_PHASE_STRIP = NO;
				DEBUG_INFORMATION_FORMAT = dwarf;
				ENABLE_STRICT_OBJC_MSGSEND = YES;
				ENABLE_TESTABILITY = YES;
				GCC_C_LANGUAGE_STANDARD = gnu11;
				GCC_DYNAMIC_NO_PIC = NO;
				GCC_NO_COMMON_BLOCKS = YES;
				GCC_OPTIMIZATION_LEVEL = 0;
				GCC_PREPROCESSOR_DEFINITIONS = (
					"DEBUG=1",
					"$(inherited)",
				);
				GCC_WARN_64_TO_32_BIT_CONVERSION = YES;
				GCC_WARN_ABOUT_RETURN_TYPE = YES_ERROR;
				GCC_WARN_UNDECLARED_SELECTOR = YES;
				GCC_WARN_UNINITIALIZED_AUTOS = YES_AGGRESSIVE;
				GCC_WARN_UNUSED_FUNCTION = YES;
				GCC_WARN_UNUSED_VARIABLE = YES;
				IPHONEOS_DEPLOYMENT_TARGET = 11.4;
				MTL_ENABLE_DEBUG_INFO = YES;
				ONLY_ACTIVE_ARCH = YES;
				SDKROOT = iphoneos;
				SWIFT_ACTIVE_COMPILATION_CONDITIONS = DEBUG;
				SWIFT_OPTIMIZATION_LEVEL = "-Onone";
			};
			name = Debug;
		};
		1C806C9A20DB449400459463 /* Release */ = {
			isa = XCBuildConfiguration;
			buildSettings = {
				ALWAYS_SEARCH_USER_PATHS = NO;
				CLANG_ANALYZER_NONNULL = YES;
				CLANG_ANALYZER_NUMBER_OBJECT_CONVERSION = YES_AGGRESSIVE;
				CLANG_CXX_LANGUAGE_STANDARD = "gnu++14";
				CLANG_CXX_LIBRARY = "libc++";
				CLANG_ENABLE_MODULES = YES;
				CLANG_ENABLE_OBJC_ARC = YES;
				CLANG_ENABLE_OBJC_WEAK = YES;
				CLANG_WARN_BLOCK_CAPTURE_AUTORELEASING = YES;
				CLANG_WARN_BOOL_CONVERSION = YES;
				CLANG_WARN_COMMA = YES;
				CLANG_WARN_CONSTANT_CONVERSION = YES;
				CLANG_WARN_DEPRECATED_OBJC_IMPLEMENTATIONS = YES;
				CLANG_WARN_DIRECT_OBJC_ISA_USAGE = YES_ERROR;
				CLANG_WARN_DOCUMENTATION_COMMENTS = YES;
				CLANG_WARN_EMPTY_BODY = YES;
				CLANG_WARN_ENUM_CONVERSION = YES;
				CLANG_WARN_INFINITE_RECURSION = YES;
				CLANG_WARN_INT_CONVERSION = YES;
				CLANG_WARN_NON_LITERAL_NULL_CONVERSION = YES;
				CLANG_WARN_OBJC_IMPLICIT_RETAIN_SELF = YES;
				CLANG_WARN_OBJC_LITERAL_CONVERSION = YES;
				CLANG_WARN_OBJC_ROOT_CLASS = YES_ERROR;
				CLANG_WARN_RANGE_LOOP_ANALYSIS = YES;
				CLANG_WARN_STRICT_PROTOTYPES = YES;
				CLANG_WARN_SUSPICIOUS_MOVE = YES;
				CLANG_WARN_UNGUARDED_AVAILABILITY = YES_AGGRESSIVE;
				CLANG_WARN_UNREACHABLE_CODE = YES;
				CLANG_WARN__DUPLICATE_METHOD_MATCH = YES;
				CODE_SIGN_IDENTITY = "iPhone Developer";
				COPY_PHASE_STRIP = NO;
				DEBUG_INFORMATION_FORMAT = "dwarf-with-dsym";
				ENABLE_NS_ASSERTIONS = NO;
				ENABLE_STRICT_OBJC_MSGSEND = YES;
				GCC_C_LANGUAGE_STANDARD = gnu11;
				GCC_NO_COMMON_BLOCKS = YES;
				GCC_WARN_64_TO_32_BIT_CONVERSION = YES;
				GCC_WARN_ABOUT_RETURN_TYPE = YES_ERROR;
				GCC_WARN_UNDECLARED_SELECTOR = YES;
				GCC_WARN_UNINITIALIZED_AUTOS = YES_AGGRESSIVE;
				GCC_WARN_UNUSED_FUNCTION = YES;
				GCC_WARN_UNUSED_VARIABLE = YES;
				IPHONEOS_DEPLOYMENT_TARGET = 11.4;
				MTL_ENABLE_DEBUG_INFO = NO;
				SDKROOT = iphoneos;
				SWIFT_COMPILATION_MODE = wholemodule;
				SWIFT_OPTIMIZATION_LEVEL = "-O";
				VALIDATE_PRODUCT = YES;
			};
			name = Release;
		};
		1C806C9C20DB449500459463 /* Debug */ = {
			isa = XCBuildConfiguration;
			baseConfigurationReference = 7A1348091553BD3900CE6799 /* Pods-YouTubeDataSample.debug.xcconfig */;
			buildSettings = {
				ASSETCATALOG_COMPILER_APPICON_NAME = AppIcon;
				CODE_SIGN_STYLE = Automatic;
				DEVELOPMENT_TEAM = ZGDYV3KT3T;
				INFOPLIST_FILE = YouTubeDataSample/Info.plist;
				LD_RUNPATH_SEARCH_PATHS = (
					"$(inherited)",
					"@executable_path/Frameworks",
				);
				PRODUCT_BUNDLE_IDENTIFIER = app.YouTubeDataSample;
				PRODUCT_NAME = "$(TARGET_NAME)";
				SWIFT_VERSION = 4.0;
				TARGETED_DEVICE_FAMILY = "1,2";
			};
			name = Debug;
		};
		1C806C9D20DB449500459463 /* Release */ = {
			isa = XCBuildConfiguration;
			baseConfigurationReference = FA566D2DCF7CC5C271EF70CD /* Pods-YouTubeDataSample.release.xcconfig */;
			buildSettings = {
				ASSETCATALOG_COMPILER_APPICON_NAME = AppIcon;
				CODE_SIGN_STYLE = Automatic;
				DEVELOPMENT_TEAM = ZGDYV3KT3T;
				INFOPLIST_FILE = YouTubeDataSample/Info.plist;
				LD_RUNPATH_SEARCH_PATHS = (
					"$(inherited)",
					"@executable_path/Frameworks",
				);
				PRODUCT_BUNDLE_IDENTIFIER = app.YouTubeDataSample;
				PRODUCT_NAME = "$(TARGET_NAME)";
				SWIFT_VERSION = 4.0;
				TARGETED_DEVICE_FAMILY = "1,2";
			};
			name = Release;
		};
/* End XCBuildConfiguration section */

/* Begin XCConfigurationList section */
		1C806C8420DB449300459463 /* Build configuration list for PBXProject "YouTubeDataSample" */ = {
			isa = XCConfigurationList;
			buildConfigurations = (
				1C806C9920DB449400459463 /* Debug */,
				1C806C9A20DB449400459463 /* Release */,
			);
			defaultConfigurationIsVisible = 0;
			defaultConfigurationName = Release;
		};
		1C806C9B20DB449500459463 /* Build configuration list for PBXNativeTarget "YouTubeDataSample" */ = {
			isa = XCConfigurationList;
			buildConfigurations = (
				1C806C9C20DB449500459463 /* Debug */,
				1C806C9D20DB449500459463 /* Release */,
			);
			defaultConfigurationIsVisible = 0;
			defaultConfigurationName = Release;
		};
/* End XCConfigurationList section */
	};
	rootObject = 1C806C8120DB449300459463 /* Project object */;
}
